
Microsoft Visual Studio Solution File, Format Version 12.00
# Visual Studio 15
VisualStudioVersion = 15.0.28307.271
MinimumVisualStudioVersion = 10.0.40219.1
Project("{9A19103F-16F7-4668-BE54-9A1E7A4F7556}") = "Booking.Presentation", "Booking.Presentation\Booking.Presentation.csproj", "{BB5F8FD1-DADD-47C4-95E0-FC78B08EF881}"
EndProject
Project("{9A19103F-16F7-4668-BE54-9A1E7A4F7556}") = "Booking.Persistence", "Booking.Persistence\Booking.Persistence.csproj", "{ED442AAA-64FF-4756-8D3C-8DE0C894D53C}"
EndProject
Project("{9A19103F-16F7-4668-BE54-9A1E7A4F7556}") = "Booking.Domain", "Booking.Domain\Booking.Domain.csproj", "{6D87A613-C58D-4C63-90C5-D68ADB0AF5F8}"
EndProject
Project("{9A19103F-16F7-4668-BE54-9A1E7A4F7556}") = "Booking.Application", "Booking.Application\Booking.Application.csproj", "{8810F254-5E90-4998-962C-5422F0C38911}"
EndProject
Project("{9A19103F-16F7-4668-BE54-9A1E7A4F7556}") = "Booking.Test", "Booking.Test\Booking.Test.csproj", "{F6ACF98B-3C65-474B-B546-886A1976AC77}"
EndProject
Global
	GlobalSection(SolutionConfigurationPlatforms) = preSolution
		Debug|Any CPU = Debug|Any CPU
		Release|Any CPU = Release|Any CPU
	EndGlobalSection
	GlobalSection(ProjectConfigurationPlatforms) = postSolution
		{BB5F8FD1-DADD-47C4-95E0-FC78B08EF881}.Debug|Any CPU.ActiveCfg = Debug|Any CPU
		{BB5F8FD1-DADD-47C4-95E0-FC78B08EF881}.Debug|Any CPU.Build.0 = Debug|Any CPU
		{BB5F8FD1-DADD-47C4-95E0-FC78B08EF881}.Release|Any CPU.ActiveCfg = Release|Any CPU
		{BB5F8FD1-DADD-47C4-95E0-FC78B08EF881}.Release|Any CPU.Build.0 = Release|Any CPU
		{ED442AAA-64FF-4756-8D3C-8DE0C894D53C}.Debug|Any CPU.ActiveCfg = Debug|Any CPU
		{ED442AAA-64FF-4756-8D3C-8DE0C894D53C}.Debug|Any CPU.Build.0 = Debug|Any CPU
		{ED442AAA-64FF-4756-8D3C-8DE0C894D53C}.Release|Any CPU.ActiveCfg = Release|Any CPU
		{ED442AAA-64FF-4756-8D3C-8DE0C894D53C}.Release|Any CPU.Build.0 = Release|Any CPU
		{6D87A613-C58D-4C63-90C5-D68ADB0AF5F8}.Debug|Any CPU.ActiveCfg = Debug|Any CPU
		{6D87A613-C58D-4C63-90C5-D68ADB0AF5F8}.Debug|Any CPU.Build.0 = Debug|Any CPU
		{6D87A613-C58D-4C63-90C5-D68ADB0AF5F8}.Release|Any CPU.ActiveCfg = Release|Any CPU
		{6D87A613-C58D-4C63-90C5-D68ADB0AF5F8}.Release|Any CPU.Build.0 = Release|Any CPU
		{8810F254-5E90-4998-962C-5422F0C38911}.Debug|Any CPU.ActiveCfg = Debug|Any CPU
		{8810F254-5E90-4998-962C-5422F0C38911}.Debug|Any CPU.Build.0 = Debug|Any CPU
		{8810F254-5E90-4998-962C-5422F0C38911}.Release|Any CPU.ActiveCfg = Release|Any CPU
		{8810F254-5E90-4998-962C-5422F0C38911}.Release|Any CPU.Build.0 = Release|Any CPU
		{F6ACF98B-3C65-474B-B546-886A1976AC77}.Debug|Any CPU.ActiveCfg = Debug|Any CPU
		{F6ACF98B-3C65-474B-B546-886A1976AC77}.Debug|Any CPU.Build.0 = Debug|Any CPU
		{F6ACF98B-3C65-474B-B546-886A1976AC77}.Release|Any CPU.ActiveCfg = Release|Any CPU
		{F6ACF98B-3C65-474B-B546-886A1976AC77}.Release|Any CPU.Build.0 = Release|Any CPU
	EndGlobalSection
	GlobalSection(SolutionProperties) = preSolution
		HideSolutionNode = FALSE
	EndGlobalSection
	GlobalSection(ExtensibilityGlobals) = postSolution
		SolutionGuid = {F30459B5-A33D-4BA0-B14B-8E482B5B180F}
	EndGlobalSection
EndGlobal
